
Microsoft Visual Studio Solution File, Format Version 12.00
# Visual Studio Version 17
VisualStudioVersion = 17.10.34825.169
MinimumVisualStudioVersion = 10.0.40219.1
Project("{9A19103F-16F7-4668-BE54-9A1E7A4F7556}") = "SistemaGestionCondominios", "SistemaGestionCondominios\SistemaGestionCondominios.csproj", "{F2A23ECD-36BC-4BE5-8A97-2D072AC754C6}"
EndProject
Global
	GlobalSection(SolutionConfigurationPlatforms) = preSolution
		Debug|Any CPU = Debug|Any CPU
		Release|Any CPU = Release|Any CPU
	EndGlobalSection
	GlobalSection(ProjectConfigurationPlatforms) = postSolution
		{F2A23ECD-36BC-4BE5-8A97-2D072AC754C6}.Debug|Any CPU.ActiveCfg = Debug|Any CPU
		{F2A23ECD-36BC-4BE5-8A97-2D072AC754C6}.Debug|Any CPU.Build.0 = Debug|Any CPU
		{F2A23ECD-36BC-4BE5-8A97-2D072AC754C6}.Release|Any CPU.ActiveCfg = Release|Any CPU
		{F2A23ECD-36BC-4BE5-8A97-2D072AC754C6}.Release|Any CPU.Build.0 = Release|Any CPU
	EndGlobalSection
	GlobalSection(SolutionProperties) = preSolution
		HideSolutionNode = FALSE
	EndGlobalSection
	GlobalSection(ExtensibilityGlobals) = postSolution
		SolutionGuid = {7E135812-E422-47D6-8F1C-CEF0645A049D}
	EndGlobalSection
EndGlobal
